headers: []
footers: []
link:
  text: Click me now
  href: "#"
  icon: arrow-up-right
  target: "_blank"
html: |
  <h1>Lorem ipsum dolor sit amet consectetur adipisicing elit</h1>
  <p>Lorem ipsum dolor sit amet consectetur adipisicing elit. Quisquam, quos. Sed do eiusmod tempor incididunt ut labore et dolore magna aliqua.</p>
list:
  - Lorem ipsum dolor sit amet
  - Consectetur adipisicing elit
  - Sed do eiusmod tempor
links:
  - text: Click me now
    href: "#"
  - text: Click me
    href: "#"
item:
  images:
    - src: ../../assets/example.jpg
      alt: Lorem ipsum
    - src: ../../assets/example.jpg
      alt: Lorem ipsum
    - src: ../../assets/example.jpg
      alt: Lorem ipsum
  rating: 4.5
  description: Lorem ipsum
image:
  src: ../../assets/example.jpg
  alt: Lorem ipsum
